
Microsoft Visual Studio Solution File, Format Version 12.00
# Visual Studio 2012
Project("{FAE04EC0-301F-11D3-BF4B-00C04F79EFBC}") = "Test", "Test\Test.csproj", "{BB602DCC-966D-4D3B-8557-46231B40A4AF}"
EndProject
Project("{FAE04EC0-301F-11D3-BF4B-00C04F79EFBC}") = "Test.Droid", "Droid\Test.Droid.csproj", "{41129095-7987-4331-AA17-E5540A57E73E}"
EndProject
Global
	GlobalSection(SolutionConfigurationPlatforms) = preSolution
		Debug|Any CPU = Debug|Any CPU
		Release|Any CPU = Release|Any CPU
	EndGlobalSection
	GlobalSection(ProjectConfigurationPlatforms) = postSolution
		{41129095-7987-4331-AA17-E5540A57E73E}.Debug|Any CPU.ActiveCfg = Debug|Any CPU
		{41129095-7987-4331-AA17-E5540A57E73E}.Debug|Any CPU.Build.0 = Debug|Any CPU
		{41129095-7987-4331-AA17-E5540A57E73E}.Release|Any CPU.ActiveCfg = Release|Any CPU
		{41129095-7987-4331-AA17-E5540A57E73E}.Release|Any CPU.Build.0 = Release|Any CPU
		{BB602DCC-966D-4D3B-8557-46231B40A4AF}.Debug|Any CPU.ActiveCfg = Debug|Any CPU
		{BB602DCC-966D-4D3B-8557-46231B40A4AF}.Debug|Any CPU.Build.0 = Debug|Any CPU
		{BB602DCC-966D-4D3B-8557-46231B40A4AF}.Release|Any CPU.ActiveCfg = Release|Any CPU
		{BB602DCC-966D-4D3B-8557-46231B40A4AF}.Release|Any CPU.Build.0 = Release|Any CPU
	EndGlobalSection
EndGlobal
